{
  "name": "elvin",
  "version": "1.0.7",
  "lockfileVersion": 3,
  "requires": true,
  "packages": {
    "": {
      "name": "elvin",
      "version": "1.0.7",
      "license": "ISC",
      "dependencies": {
        "elvin": "^1.0.1"
      }
    },
    "node_modules/elvin": {
      "version": "1.0.7",
      "resolved": "https://registry.npmjs.org/elvin/-/elvin-1.0.7.tgz",
      "integrity": "sha512-aeKSLATFkRzgX2rNZioVcTWS7IZh/xGYr+l8eu7JgVgh1JQpu56UYy6HezpM/n+eCKpBlAxTc0aazNasmBHFyw==",
      "dependencies": {
        "elvin": "^1.0.1"
      }
    }
  }
}
