{
  "name": "elvin",
  "version": "1.0.3",
  "lockfileVersion": 3,
  "requires": true,
  "packages": {
    "": {
      "name": "elvin",
      "version": "1.0.3",
      "license": "ISC",
      "dependencies": {
        "elvin": "^1.0.1"
      }
    },
    "node_modules/elvin": {
      "version": "1.0.3",
      "resolved": "https://registry.npmjs.org/elvin/-/elvin-1.0.3.tgz",
      "integrity": "sha512-m2/KVNXDuEZcWUC0Y6o3IKL9x7baYVe5V0yv+RsCZeEvVHitYjV+k8XqptggQiCoATyssSajOK/lHoR+sZck1Q==",
      "dependencies": {
        "elvin": "^1.0.1"
      }
    }
  }
}
