{
  "name": "elvin",
  "version": "1.0.6",
  "lockfileVersion": 3,
  "requires": true,
  "packages": {
    "": {
      "name": "elvin",
      "version": "1.0.6",
      "license": "ISC",
      "dependencies": {
        "elvin": "^1.0.1"
      }
    },
    "node_modules/elvin": {
      "version": "1.0.6",
      "resolved": "https://registry.npmjs.org/elvin/-/elvin-1.0.6.tgz",
      "integrity": "sha512-6oxMde5wVWZ7cp9OrNXipRY9iwGw5auKZUzWPGPPnYcJhtY711MhjMya0AZ1Lz93IBedBl1zAfp0PFbHTQzQfQ==",
      "dependencies": {
        "elvin": "^1.0.1"
      }
    }
  }
}
